
Microsoft Visual Studio Solution File, Format Version 12.00
# Visual Studio 15
VisualStudioVersion = 15.0.28307.572
MinimumVisualStudioVersion = 10.0.40219.1
Project("{FAE04EC0-301F-11D3-BF4B-00C04F79EFBC}") = "AzureDevOpsXamarin.Android", "AzureDevOpsXamarin\AzureDevOpsXamarin.Android\AzureDevOpsXamarin.Android.csproj", "{E9F4308C-1934-425D-8D23-54CE0D4F5C14}"
EndProject
Project("{FAE04EC0-301F-11D3-BF4B-00C04F79EFBC}") = "AzureDevOpsXamarin.iOS", "AzureDevOpsXamarin\AzureDevOpsXamarin.iOS\AzureDevOpsXamarin.iOS.csproj", "{1C604A56-49C6-44EF-870F-9E9D1EA8883D}"
EndProject
Project("{FAE04EC0-301F-11D3-BF4B-00C04F79EFBC}") = "AzureDevOpsXamarin", "AzureDevOpsXamarin\AzureDevOpsXamarin\AzureDevOpsXamarin.csproj", "{E944167C-091A-4A58-B2B9-0266F89A902F}"
EndProject
Global
	GlobalSection(SolutionConfigurationPlatforms) = preSolution
		Ad-Hoc|Any CPU = Ad-Hoc|Any CPU
		Ad-Hoc|iPhone = Ad-Hoc|iPhone
		Ad-Hoc|iPhoneSimulator = Ad-Hoc|iPhoneSimulator
		AppStore|Any CPU = AppStore|Any CPU
		AppStore|iPhone = AppStore|iPhone
		AppStore|iPhoneSimulator = AppStore|iPhoneSimulator
		Debug|Any CPU = Debug|Any CPU
		Debug|iPhone = Debug|iPhone
		Debug|iPhoneSimulator = Debug|iPhoneSimulator
		Release|Any CPU = Release|Any CPU
		Release|iPhone = Release|iPhone
		Release|iPhoneSimulator = Release|iPhoneSimulator
	EndGlobalSection
	GlobalSection(ProjectConfigurationPlatforms) = postSolution
		{E9F4308C-1934-425D-8D23-54CE0D4F5C14}.Ad-Hoc|Any CPU.ActiveCfg = Release|Any CPU
		{E9F4308C-1934-425D-8D23-54CE0D4F5C14}.Ad-Hoc|Any CPU.Build.0 = Release|Any CPU
		{E9F4308C-1934-425D-8D23-54CE0D4F5C14}.Ad-Hoc|Any CPU.Deploy.0 = Release|Any CPU
		{E9F4308C-1934-425D-8D23-54CE0D4F5C14}.Ad-Hoc|iPhone.ActiveCfg = Release|Any CPU
		{E9F4308C-1934-425D-8D23-54CE0D4F5C14}.Ad-Hoc|iPhone.Build.0 = Release|Any CPU
		{E9F4308C-1934-425D-8D23-54CE0D4F5C14}.Ad-Hoc|iPhone.Deploy.0 = Release|Any CPU
		{E9F4308C-1934-425D-8D23-54CE0D4F5C14}.Ad-Hoc|iPhoneSimulator.ActiveCfg = Release|Any CPU
		{E9F4308C-1934-425D-8D23-54CE0D4F5C14}.Ad-Hoc|iPhoneSimulator.Build.0 = Release|Any CPU
		{E9F4308C-1934-425D-8D23-54CE0D4F5C14}.Ad-Hoc|iPhoneSimulator.Deploy.0 = Release|Any CPU
		{E9F4308C-1934-425D-8D23-54CE0D4F5C14}.AppStore|Any CPU.ActiveCfg = Release|Any CPU
		{E9F4308C-1934-425D-8D23-54CE0D4F5C14}.AppStore|Any CPU.Build.0 = Release|Any CPU
		{E9F4308C-1934-425D-8D23-54CE0D4F5C14}.AppStore|Any CPU.Deploy.0 = Release|Any CPU
		{E9F4308C-1934-425D-8D23-54CE0D4F5C14}.AppStore|iPhone.ActiveCfg = Release|Any CPU
		{E9F4308C-1934-425D-8D23-54CE0D4F5C14}.AppStore|iPhone.Build.0 = Release|Any CPU
		{E9F4308C-1934-425D-8D23-54CE0D4F5C14}.AppStore|iPhone.Deploy.0 = Release|Any CPU
		{E9F4308C-1934-425D-8D23-54CE0D4F5C14}.AppStore|iPhoneSimulator.ActiveCfg = Release|Any CPU
		{E9F4308C-1934-425D-8D23-54CE0D4F5C14}.AppStore|iPhoneSimulator.Build.0 = Release|Any CPU
		{E9F4308C-1934-425D-8D23-54CE0D4F5C14}.AppStore|iPhoneSimulator.Deploy.0 = Release|Any CPU
		{E9F4308C-1934-425D-8D23-54CE0D4F5C14}.Debug|Any CPU.ActiveCfg = Debug|Any CPU
		{E9F4308C-1934-425D-8D23-54CE0D4F5C14}.Debug|Any CPU.Build.0 = Debug|Any CPU
		{E9F4308C-1934-425D-8D23-54CE0D4F5C14}.Debug|Any CPU.Deploy.0 = Debug|Any CPU
		{E9F4308C-1934-425D-8D23-54CE0D4F5C14}.Debug|iPhone.ActiveCfg = Debug|Any CPU
		{E9F4308C-1934-425D-8D23-54CE0D4F5C14}.Debug|iPhone.Build.0 = Debug|Any CPU
		{E9F4308C-1934-425D-8D23-54CE0D4F5C14}.Debug|iPhone.Deploy.0 = Debug|Any CPU
		{E9F4308C-1934-425D-8D23-54CE0D4F5C14}.Debug|iPhoneSimulator.ActiveCfg = Debug|Any CPU
		{E9F4308C-1934-425D-8D23-54CE0D4F5C14}.Debug|iPhoneSimulator.Build.0 = Debug|Any CPU
		{E9F4308C-1934-425D-8D23-54CE0D4F5C14}.Debug|iPhoneSimulator.Deploy.0 = Debug|Any CPU
		{E9F4308C-1934-425D-8D23-54CE0D4F5C14}.Release|Any CPU.ActiveCfg = Release|Any CPU
		{E9F4308C-1934-425D-8D23-54CE0D4F5C14}.Release|Any CPU.Build.0 = Release|Any CPU
		{E9F4308C-1934-425D-8D23-54CE0D4F5C14}.Release|Any CPU.Deploy.0 = Release|Any CPU
		{E9F4308C-1934-425D-8D23-54CE0D4F5C14}.Release|iPhone.ActiveCfg = Release|Any CPU
		{E9F4308C-1934-425D-8D23-54CE0D4F5C14}.Release|iPhone.Build.0 = Release|Any CPU
		{E9F4308C-1934-425D-8D23-54CE0D4F5C14}.Release|iPhone.Deploy.0 = Release|Any CPU
		{E9F4308C-1934-425D-8D23-54CE0D4F5C14}.Release|iPhoneSimulator.ActiveCfg = Release|Any CPU
		{E9F4308C-1934-425D-8D23-54CE0D4F5C14}.Release|iPhoneSimulator.Build.0 = Release|Any CPU
		{E9F4308C-1934-425D-8D23-54CE0D4F5C14}.Release|iPhoneSimulator.Deploy.0 = Release|Any CPU
		{1C604A56-49C6-44EF-870F-9E9D1EA8883D}.Ad-Hoc|Any CPU.ActiveCfg = Ad-Hoc|iPhone
		{1C604A56-49C6-44EF-870F-9E9D1EA8883D}.Ad-Hoc|Any CPU.Build.0 = Ad-Hoc|iPhone
		{1C604A56-49C6-44EF-870F-9E9D1EA8883D}.Ad-Hoc|Any CPU.Deploy.0 = Ad-Hoc|iPhone
		{1C604A56-49C6-44EF-870F-9E9D1EA8883D}.Ad-Hoc|iPhone.ActiveCfg = Ad-Hoc|iPhone
		{1C604A56-49C6-44EF-870F-9E9D1EA8883D}.Ad-Hoc|iPhone.Build.0 = Ad-Hoc|iPhone
		{1C604A56-49C6-44EF-870F-9E9D1EA8883D}.Ad-Hoc|iPhone.Deploy.0 = Ad-Hoc|iPhone
		{1C604A56-49C6-44EF-870F-9E9D1EA8883D}.Ad-Hoc|iPhoneSimulator.ActiveCfg = Ad-Hoc|iPhoneSimulator
		{1C604A56-49C6-44EF-870F-9E9D1EA8883D}.Ad-Hoc|iPhoneSimulator.Build.0 = Ad-Hoc|iPhoneSimulator
		{1C604A56-49C6-44EF-870F-9E9D1EA8883D}.Ad-Hoc|iPhoneSimulator.Deploy.0 = Ad-Hoc|iPhoneSimulator
		{1C604A56-49C6-44EF-870F-9E9D1EA8883D}.AppStore|Any CPU.ActiveCfg = AppStore|iPhone
		{1C604A56-49C6-44EF-870F-9E9D1EA8883D}.AppStore|Any CPU.Build.0 = AppStore|iPhone
		{1C604A56-49C6-44EF-870F-9E9D1EA8883D}.AppStore|Any CPU.Deploy.0 = AppStore|iPhone
		{1C604A56-49C6-44EF-870F-9E9D1EA8883D}.AppStore|iPhone.ActiveCfg = AppStore|iPhone
		{1C604A56-49C6-44EF-870F-9E9D1EA8883D}.AppStore|iPhone.Build.0 = AppStore|iPhone
		{1C604A56-49C6-44EF-870F-9E9D1EA8883D}.AppStore|iPhone.Deploy.0 = AppStore|iPhone
		{1C604A56-49C6-44EF-870F-9E9D1EA8883D}.AppStore|iPhoneSimulator.ActiveCfg = AppStore|iPhoneSimulator
		{1C604A56-49C6-44EF-870F-9E9D1EA8883D}.AppStore|iPhoneSimulator.Build.0 = AppStore|iPhoneSimulator
		{1C604A56-49C6-44EF-870F-9E9D1EA8883D}.AppStore|iPhoneSimulator.Deploy.0 = AppStore|iPhoneSimulator
		{1C604A56-49C6-44EF-870F-9E9D1EA8883D}.Debug|Any CPU.ActiveCfg = Debug|iPhoneSimulator
		{1C604A56-49C6-44EF-870F-9E9D1EA8883D}.Debug|Any CPU.Build.0 = Debug|iPhoneSimulator
		{1C604A56-49C6-44EF-870F-9E9D1EA8883D}.Debug|Any CPU.Deploy.0 = Debug|iPhoneSimulator
		{1C604A56-49C6-44EF-870F-9E9D1EA8883D}.Debug|iPhone.ActiveCfg = Debug|iPhone
		{1C604A56-49C6-44EF-870F-9E9D1EA8883D}.Debug|iPhone.Build.0 = Debug|iPhone
		{1C604A56-49C6-44EF-870F-9E9D1EA8883D}.Debug|iPhone.Deploy.0 = Debug|iPhone
		{1C604A56-49C6-44EF-870F-9E9D1EA8883D}.Debug|iPhoneSimulator.ActiveCfg = Debug|iPhoneSimulator
		{1C604A56-49C6-44EF-870F-9E9D1EA8883D}.Debug|iPhoneSimulator.Build.0 = Debug|iPhoneSimulator
		{1C604A56-49C6-44EF-870F-9E9D1EA8883D}.Debug|iPhoneSimulator.Deploy.0 = Debug|iPhoneSimulator
		{1C604A56-49C6-44EF-870F-9E9D1EA8883D}.Release|Any CPU.ActiveCfg = Release|iPhone
		{1C604A56-49C6-44EF-870F-9E9D1EA8883D}.Release|Any CPU.Build.0 = Release|iPhone
		{1C604A56-49C6-44EF-870F-9E9D1EA8883D}.Release|Any CPU.Deploy.0 = Release|iPhone
		{1C604A56-49C6-44EF-870F-9E9D1EA8883D}.Release|iPhone.ActiveCfg = Release|iPhone
		{1C604A56-49C6-44EF-870F-9E9D1EA8883D}.Release|iPhone.Build.0 = Release|iPhone
		{1C604A56-49C6-44EF-870F-9E9D1EA8883D}.Release|iPhone.Deploy.0 = Release|iPhone
		{1C604A56-49C6-44EF-870F-9E9D1EA8883D}.Release|iPhoneSimulator.ActiveCfg = Release|iPhoneSimulator
		{1C604A56-49C6-44EF-870F-9E9D1EA8883D}.Release|iPhoneSimulator.Build.0 = Release|iPhoneSimulator
		{1C604A56-49C6-44EF-870F-9E9D1EA8883D}.Release|iPhoneSimulator.Deploy.0 = Release|iPhoneSimulator
		{E944167C-091A-4A58-B2B9-0266F89A902F}.Ad-Hoc|Any CPU.ActiveCfg = Debug|Any CPU
		{E944167C-091A-4A58-B2B9-0266F89A902F}.Ad-Hoc|Any CPU.Build.0 = Debug|Any CPU
		{E944167C-091A-4A58-B2B9-0266F89A902F}.Ad-Hoc|Any CPU.Deploy.0 = Debug|Any CPU
		{E944167C-091A-4A58-B2B9-0266F89A902F}.Ad-Hoc|iPhone.ActiveCfg = Debug|Any CPU
		{E944167C-091A-4A58-B2B9-0266F89A902F}.Ad-Hoc|iPhone.Build.0 = Debug|Any CPU
		{E944167C-091A-4A58-B2B9-0266F89A902F}.Ad-Hoc|iPhone.Deploy.0 = Debug|Any CPU
		{E944167C-091A-4A58-B2B9-0266F89A902F}.Ad-Hoc|iPhoneSimulator.ActiveCfg = Debug|Any CPU
		{E944167C-091A-4A58-B2B9-0266F89A902F}.Ad-Hoc|iPhoneSimulator.Build.0 = Debug|Any CPU
		{E944167C-091A-4A58-B2B9-0266F89A902F}.Ad-Hoc|iPhoneSimulator.Deploy.0 = Debug|Any CPU
		{E944167C-091A-4A58-B2B9-0266F89A902F}.AppStore|Any CPU.ActiveCfg = Debug|Any CPU
		{E944167C-091A-4A58-B2B9-0266F89A902F}.AppStore|Any CPU.Build.0 = Debug|Any CPU
		{E944167C-091A-4A58-B2B9-0266F89A902F}.AppStore|Any CPU.Deploy.0 = Debug|Any CPU
		{E944167C-091A-4A58-B2B9-0266F89A902F}.AppStore|iPhone.ActiveCfg = Debug|Any CPU
		{E944167C-091A-4A58-B2B9-0266F89A902F}.AppStore|iPhone.Build.0 = Debug|Any CPU
		{E944167C-091A-4A58-B2B9-0266F89A902F}.AppStore|iPhone.Deploy.0 = Debug|Any CPU
		{E944167C-091A-4A58-B2B9-0266F89A902F}.AppStore|iPhoneSimulator.ActiveCfg = Debug|Any CPU
		{E944167C-091A-4A58-B2B9-0266F89A902F}.AppStore|iPhoneSimulator.Build.0 = Debug|Any CPU
		{E944167C-091A-4A58-B2B9-0266F89A902F}.AppStore|iPhoneSimulator.Deploy.0 = Debug|Any CPU
		{E944167C-091A-4A58-B2B9-0266F89A902F}.Debug|Any CPU.ActiveCfg = Debug|Any CPU
		{E944167C-091A-4A58-B2B9-0266F89A902F}.Debug|Any CPU.Build.0 = Debug|Any CPU
		{E944167C-091A-4A58-B2B9-0266F89A902F}.Debug|Any CPU.Deploy.0 = Debug|Any CPU
		{E944167C-091A-4A58-B2B9-0266F89A902F}.Debug|iPhone.ActiveCfg = Debug|Any CPU
		{E944167C-091A-4A58-B2B9-0266F89A902F}.Debug|iPhone.Build.0 = Debug|Any CPU
		{E944167C-091A-4A58-B2B9-0266F89A902F}.Debug|iPhone.Deploy.0 = Debug|Any CPU
		{E944167C-091A-4A58-B2B9-0266F89A902F}.Debug|iPhoneSimulator.ActiveCfg = Debug|Any CPU
		{E944167C-091A-4A58-B2B9-0266F89A902F}.Debug|iPhoneSimulator.Build.0 = Debug|Any CPU
		{E944167C-091A-4A58-B2B9-0266F89A902F}.Debug|iPhoneSimulator.Deploy.0 = Debug|Any CPU
		{E944167C-091A-4A58-B2B9-0266F89A902F}.Release|Any CPU.ActiveCfg = Release|Any CPU
		{E944167C-091A-4A58-B2B9-0266F89A902F}.Release|Any CPU.Build.0 = Release|Any CPU
		{E944167C-091A-4A58-B2B9-0266F89A902F}.Release|Any CPU.Deploy.0 = Release|Any CPU
		{E944167C-091A-4A58-B2B9-0266F89A902F}.Release|iPhone.ActiveCfg = Release|Any CPU
		{E944167C-091A-4A58-B2B9-0266F89A902F}.Release|iPhone.Build.0 = Release|Any CPU
		{E944167C-091A-4A58-B2B9-0266F89A902F}.Release|iPhone.Deploy.0 = Release|Any CPU
		{E944167C-091A-4A58-B2B9-0266F89A902F}.Release|iPhoneSimulator.ActiveCfg = Release|Any CPU
		{E944167C-091A-4A58-B2B9-0266F89A902F}.Release|iPhoneSimulator.Build.0 = Release|Any CPU
		{E944167C-091A-4A58-B2B9-0266F89A902F}.Release|iPhoneSimulator.Deploy.0 = Release|Any CPU
	EndGlobalSection
	GlobalSection(SolutionProperties) = preSolution
		HideSolutionNode = FALSE
	EndGlobalSection
	GlobalSection(ExtensibilityGlobals) = postSolution
		SolutionGuid = {325C99C8-125F-40AD-9FE9-DDE0C2A5C0CA}
	EndGlobalSection
EndGlobal
